# Generated by buf. DO NOT EDIT.
version: v1
deps:
  - remote: buf.build
    owner: cosmos
    repository: cosmos-proto
    commit: 1935555c206d4afb9e94615dfd0fad31
    digest: shake256:c74d91a3ac7ae07d579e90eee33abf9b29664047ac8816500cf22c081fec0d72d62c89ce0bebafc1f6fec7aa5315be72606717740ca95007248425102c365377
  - remote: buf.build
    owner: cosmos
    repository: cosmos-sdk
    commit: 8cb30a2c4de74dc9bd8d260b1e75e176
    digest: shake256:fc1fa1650a3fa2177b95f2f47d3b6b3673a1d42bfecf7407cc5f9cad176e1ba27877a73f1448a66a38b00292ce70b42171ff9632211014f34f13fb32f6f5e76f
  - remote: buf.build
    owner: cosmos
    repository: gogo-proto
    commit: bee5511075b7499da6178d9e4aaa628b
    digest: shake256:37bb360fb2bcc140dd97597363ac2bd420f8d59237bf9166e3f9ca151d47053cc6b864d30d150b345065e56a5c292d309bac57a4941d9e00fce53cebfb456c4c
  - remote: buf.build
    owner: googleapis
    repository: googleapis
    commit: 28151c0d0a1641bf938a7672c500e01d
    digest: shake256:49215edf8ef57f7863004539deff8834cfb2195113f0b890dd1f67815d9353e28e668019165b9d872395871eeafcbab3ccfdb2b5f11734d3cca95be9e8d139de
