{
  "name": "haqq-contracts",
  "version": "2.0.0",
  "lockfileVersion": 3,
  "requires": true,
  "packages": {
    "": {
      "name": "haqq-contracts",
      "version": "2.0.0",
      "license": "ISC",
      "devDependencies": {
        "@openzeppelin/contracts": "^4.9.6",
        "hardhat": "^3.3.0"
      }
    },
    "node_modules/@esbuild/aix-ppc64": {
      "version": "0.27.7",
      "resolved": "https://registry.npmjs.org/@esbuild/aix-ppc64/-/aix-ppc64-0.27.7.tgz",
      "integrity": "sha512-EKX3Qwmhz1eMdEJokhALr0YiD0lhQNwDqkPYyPhiSwKrh7/4KRjQc04sZ8db+5DVVnZ1LmbNDI1uAMPEUBnQPg==",
      "cpu": [
        "ppc64"
      ],
      "dev": true,
      "license": "MIT",
      "optional": true,
      "os": [
        "aix"
      ],
      "engines": {
        "node": ">=18"
      }
    },
    "node_modules/@esbuild/android-arm": {
      "version": "0.27.7",
      "resolved": "https://registry.npmjs.org/@esbuild/android-arm/-/android-arm-0.27.7.tgz",
      "integrity": "sha512-jbPXvB4Yj2yBV7HUfE2KHe4GJX51QplCN1pGbYjvsyCZbQmies29EoJbkEc+vYuU5o45AfQn37vZlyXy4YJ8RQ==",
      "cpu": [
        "arm"
      ],
      "dev": true,
      "license": "MIT",
      "optional": true,
      "os": [
        "android"
      ],
      "engines": {
        "node": ">=18"
      }
    },
    "node_modules/@esbuild/android-arm64": {
      "version": "0.27.7",
      "resolved": "https://registry.npmjs.org/@esbuild/android-arm64/-/android-arm64-0.27.7.tgz",
      "integrity": "sha512-62dPZHpIXzvChfvfLJow3q5dDtiNMkwiRzPylSCfriLvZeq0a1bWChrGx/BbUbPwOrsWKMn8idSllklzBy+dgQ==",
      "cpu": [
        "arm64"
      ],
      "dev": true,
      "license": "MIT",
      "optional": true,
      "os": [
        "android"
      ],
      "engines": {
        "node": ">=18"
      }
    },
    "node_modules/@esbuild/android-x64": {
      "version": "0.27.7",
      "resolved": "https://registry.npmjs.org/@esbuild/android-x64/-/android-x64-0.27.7.tgz",
      "integrity": "sha512-x5VpMODneVDb70PYV2VQOmIUUiBtY3D3mPBG8NxVk5CogneYhkR7MmM3yR/uMdITLrC1ml/NV1rj4bMJuy9MCg==",
      "cpu": [
        "x64"
      ],
      "dev": true,
      "license": "MIT",
      "optional": true,
      "os": [
        "android"
      ],
      "engines": {
        "node": ">=18"
      }
    },
    "node_modules/@esbuild/darwin-arm64": {
      "version": "0.27.7",
      "resolved": "https://registry.npmjs.org/@esbuild/darwin-arm64/-/darwin-arm64-0.27.7.tgz",
      "integrity": "sha512-5lckdqeuBPlKUwvoCXIgI2D9/ABmPq3Rdp7IfL70393YgaASt7tbju3Ac+ePVi3KDH6N2RqePfHnXkaDtY9fkw==",
      "cpu": [
        "arm64"
      ],
      "dev": true,
      "license": "MIT",
      "optional": true,
      "os": [
        "darwin"
      ],
      "engines": {
        "node": ">=18"
      }
    },
    "node_modules/@esbuild/darwin-x64": {
      "version": "0.27.7",
      "resolved": "https://registry.npmjs.org/@esbuild/darwin-x64/-/darwin-x64-0.27.7.tgz",
      "integrity": "sha512-rYnXrKcXuT7Z+WL5K980jVFdvVKhCHhUwid+dDYQpH+qu+TefcomiMAJpIiC2EM3Rjtq0sO3StMV/+3w3MyyqQ==",
      "cpu": [
        "x64"
      ],
      "dev": true,
      "license": "MIT",
      "optional": true,
      "os": [
        "darwin"
      ],
      "engines": {
        "node": ">=18"
      }
    },
    "node_modules/@esbuild/freebsd-arm64": {
      "version": "0.27.7",
      "resolved": "https://registry.npmjs.org/@esbuild/freebsd-arm64/-/freebsd-arm64-0.27.7.tgz",
      "integrity": "sha512-B48PqeCsEgOtzME2GbNM2roU29AMTuOIN91dsMO30t+Ydis3z/3Ngoj5hhnsOSSwNzS+6JppqWsuhTp6E82l2w==",
      "cpu": [
        "arm64"
      ],
      "dev": true,
      "license": "MIT",
      "optional": true,
      "os": [
        "freebsd"
      ],
      "engines": {
        "node": ">=18"
      }
    },
    "node_modules/@esbuild/freebsd-x64": {
      "version": "0.27.7",
      "resolved": "https://registry.npmjs.org/@esbuild/freebsd-x64/-/freebsd-x64-0.27.7.tgz",
      "integrity": "sha512-jOBDK5XEjA4m5IJK3bpAQF9/Lelu/Z9ZcdhTRLf4cajlB+8VEhFFRjWgfy3M1O4rO2GQ/b2dLwCUGpiF/eATNQ==",
      "cpu": [
        "x64"
      ],
      "dev": true,
      "license": "MIT",
      "optional": true,
      "os": [
        "freebsd"
      ],
      "engines": {
        "node": ">=18"
      }
    },
    "node_modules/@esbuild/linux-arm": {
      "version": "0.27.7",
      "resolved": "https://registry.npmjs.org/@esbuild/linux-arm/-/linux-arm-0.27.7.tgz",
      "integrity": "sha512-RkT/YXYBTSULo3+af8Ib0ykH8u2MBh57o7q/DAs3lTJlyVQkgQvlrPTnjIzzRPQyavxtPtfg0EopvDyIt0j1rA==",
      "cpu": [
        "arm"
      ],
      "dev": true,
      "license": "MIT",
      "optional": true,
      "os": [
        "linux"
      ],
      "engines": {
        "node": ">=18"
      }
    },
    "node_modules/@esbuild/linux-arm64": {
      "version": "0.27.7",
      "resolved": "https://registry.npmjs.org/@esbuild/linux-arm64/-/linux-arm64-0.27.7.tgz",
      "integrity": "sha512-RZPHBoxXuNnPQO9rvjh5jdkRmVizktkT7TCDkDmQ0W2SwHInKCAV95GRuvdSvA7w4VMwfCjUiPwDi0ZO6Nfe9A==",
      "cpu": [
        "arm64"
      ],
      "dev": true,
      "license": "MIT",
      "optional": true,
      "os": [
        "linux"
      ],
      "engines": {
        "node": ">=18"
      }
    },
    "node_modules/@esbuild/linux-ia32": {
      "version": "0.27.7",
      "resolved": "https://registry.npmjs.org/@esbuild/linux-ia32/-/linux-ia32-0.27.7.tgz",
      "integrity": "sha512-GA48aKNkyQDbd3KtkplYWT102C5sn/EZTY4XROkxONgruHPU72l+gW+FfF8tf2cFjeHaRbWpOYa/uRBz/Xq1Pg==",
      "cpu": [
        "ia32"
      ],
      "dev": true,
      "license": "MIT",
      "optional": true,
      "os": [
        "linux"
      ],
      "engines": {
        "node": ">=18"
      }
    },
    "node_modules/@esbuild/linux-loong64": {
      "version": "0.27.7",
      "resolved": "https://registry.npmjs.org/@esbuild/linux-loong64/-/linux-loong64-0.27.7.tgz",
      "integrity": "sha512-a4POruNM2oWsD4WKvBSEKGIiWQF8fZOAsycHOt6JBpZ+JN2n2JH9WAv56SOyu9X5IqAjqSIPTaJkqN8F7XOQ5Q==",
      "cpu": [
        "loong64"
      ],
      "dev": true,
      "license": "MIT",
      "optional": true,
      "os": [
        "linux"
      ],
      "engines": {
        "node": ">=18"
      }
    },
    "node_modules/@esbuild/linux-mips64el": {
      "version": "0.27.7",
      "resolved": "https://registry.npmjs.org/@esbuild/linux-mips64el/-/linux-mips64el-0.27.7.tgz",
      "integrity": "sha512-KabT5I6StirGfIz0FMgl1I+R1H73Gp0ofL9A3nG3i/cYFJzKHhouBV5VWK1CSgKvVaG4q1RNpCTR2LuTVB3fIw==",
      "cpu": [
        "mips64el"
      ],
      "dev": true,
      "license": "MIT",
      "optional": true,
      "os": [
        "linux"
      ],
      "engines": {
        "node": ">=18"
      }
    },
    "node_modules/@esbuild/linux-ppc64": {
      "version": "0.27.7",
      "resolved": "https://registry.npmjs.org/@esbuild/linux-ppc64/-/linux-ppc64-0.27.7.tgz",
      "integrity": "sha512-gRsL4x6wsGHGRqhtI+ifpN/vpOFTQtnbsupUF5R5YTAg+y/lKelYR1hXbnBdzDjGbMYjVJLJTd2OFmMewAgwlQ==",
      "cpu": [
        "ppc64"
      ],
      "dev": true,
      "license": "MIT",
      "optional": true,
      "os": [
        "linux"
      ],
      "engines": {
        "node": ">=18"
      }
    },
    "node_modules/@esbuild/linux-riscv64": {
      "version": "0.27.7",
      "resolved": "https://registry.npmjs.org/@esbuild/linux-riscv64/-/linux-riscv64-0.27.7.tgz",
      "integrity": "sha512-hL25LbxO1QOngGzu2U5xeXtxXcW+/GvMN3ejANqXkxZ/opySAZMrc+9LY/WyjAan41unrR3YrmtTsUpwT66InQ==",
      "cpu": [
        "riscv64"
      ],
      "dev": true,
      "license": "MIT",
      "optional": true,
      "os": [
        "linux"
      ],
      "engines": {
        "node": ">=18"
      }
    },
    "node_modules/@esbuild/linux-s390x": {
      "version": "0.27.7",
      "resolved": "https://registry.npmjs.org/@esbuild/linux-s390x/-/linux-s390x-0.27.7.tgz",
      "integrity": "sha512-2k8go8Ycu1Kb46vEelhu1vqEP+UeRVj2zY1pSuPdgvbd5ykAw82Lrro28vXUrRmzEsUV0NzCf54yARIK8r0fdw==",
      "cpu": [
        "s390x"
      ],
      "dev": true,
      "license": "MIT",
      "optional": true,
      "os": [
        "linux"
      ],
      "engines": {
        "node": ">=18"
      }
    },
    "node_modules/@esbuild/linux-x64": {
      "version": "0.27.7",
      "resolved": "https://registry.npmjs.org/@esbuild/linux-x64/-/linux-x64-0.27.7.tgz",
      "integrity": "sha512-hzznmADPt+OmsYzw1EE33ccA+HPdIqiCRq7cQeL1Jlq2gb1+OyWBkMCrYGBJ+sxVzve2ZJEVeePbLM2iEIZSxA==",
      "cpu": [
        "x64"
      ],
      "dev": true,
      "license": "MIT",
      "optional": true,
      "os": [
        "linux"
      ],
      "engines": {
        "node": ">=18"
      }
    },
    "node_modules/@esbuild/netbsd-arm64": {
      "version": "0.27.7",
      "resolved": "https://registry.npmjs.org/@esbuild/netbsd-arm64/-/netbsd-arm64-0.27.7.tgz",
      "integrity": "sha512-b6pqtrQdigZBwZxAn1UpazEisvwaIDvdbMbmrly7cDTMFnw/+3lVxxCTGOrkPVnsYIosJJXAsILG9XcQS+Yu6w==",
      "cpu": [
        "arm64"
      ],
      "dev": true,
      "license": "MIT",
      "optional": true,
      "os": [
        "netbsd"
      ],
      "engines": {
        "node": ">=18"
      }
    },
    "node_modules/@esbuild/netbsd-x64": {
      "version": "0.27.7",
      "resolved": "https://registry.npmjs.org/@esbuild/netbsd-x64/-/netbsd-x64-0.27.7.tgz",
      "integrity": "sha512-OfatkLojr6U+WN5EDYuoQhtM+1xco+/6FSzJJnuWiUw5eVcicbyK3dq5EeV/QHT1uy6GoDhGbFpprUiHUYggrw==",
      "cpu": [
        "x64"
      ],
      "dev": true,
      "license": "MIT",
      "optional": true,
      "os": [
        "netbsd"
      ],
      "engines": {
        "node": ">=18"
      }
    },
    "node_modules/@esbuild/openbsd-arm64": {
      "version": "0.27.7",
      "resolved": "https://registry.npmjs.org/@esbuild/openbsd-arm64/-/openbsd-arm64-0.27.7.tgz",
      "integrity": "sha512-AFuojMQTxAz75Fo8idVcqoQWEHIXFRbOc1TrVcFSgCZtQfSdc1RXgB3tjOn/krRHENUB4j00bfGjyl2mJrU37A==",
      "cpu": [
        "arm64"
      ],
      "dev": true,
      "license": "MIT",
      "optional": true,
      "os": [
        "openbsd"
      ],
      "engines": {
        "node": ">=18"
      }
    },
    "node_modules/@esbuild/openbsd-x64": {
      "version": "0.27.7",
      "resolved": "https://registry.npmjs.org/@esbuild/openbsd-x64/-/openbsd-x64-0.27.7.tgz",
      "integrity": "sha512-+A1NJmfM8WNDv5CLVQYJ5PshuRm/4cI6WMZRg1by1GwPIQPCTs1GLEUHwiiQGT5zDdyLiRM/l1G0Pv54gvtKIg==",
      "cpu": [
        "x64"
      ],
      "dev": true,
      "license": "MIT",
      "optional": true,
      "os": [
        "openbsd"
      ],
      "engines": {
        "node": ">=18"
      }
    },
    "node_modules/@esbuild/openharmony-arm64": {
      "version": "0.27.7",
      "resolved": "https://registry.npmjs.org/@esbuild/openharmony-arm64/-/openharmony-arm64-0.27.7.tgz",
      "integrity": "sha512-+KrvYb/C8zA9CU/g0sR6w2RBw7IGc5J2BPnc3dYc5VJxHCSF1yNMxTV5LQ7GuKteQXZtspjFbiuW5/dOj7H4Yw==",
      "cpu": [
        "arm64"
      ],
      "dev": true,
      "license": "MIT",
      "optional": true,
      "os": [
        "openharmony"
      ],
      "engines": {
        "node": ">=18"
      }
    },
    "node_modules/@esbuild/sunos-x64": {
      "version": "0.27.7",
      "resolved": "https://registry.npmjs.org/@esbuild/sunos-x64/-/sunos-x64-0.27.7.tgz",
      "integrity": "sha512-ikktIhFBzQNt/QDyOL580ti9+5mL/YZeUPKU2ivGtGjdTYoqz6jObj6nOMfhASpS4GU4Q/Clh1QtxWAvcYKamA==",
      "cpu": [
        "x64"
      ],
      "dev": true,
      "license": "MIT",
      "optional": true,
      "os": [
        "sunos"
      ],
      "engines": {
        "node": ">=18"
      }
    },
    "node_modules/@esbuild/win32-arm64": {
      "version": "0.27.7",
      "resolved": "https://registry.npmjs.org/@esbuild/win32-arm64/-/win32-arm64-0.27.7.tgz",
      "integrity": "sha512-7yRhbHvPqSpRUV7Q20VuDwbjW5kIMwTHpptuUzV+AA46kiPze5Z7qgt6CLCK3pWFrHeNfDd1VKgyP4O+ng17CA==",
      "cpu": [
        "arm64"
      ],
      "dev": true,
      "license": "MIT",
      "optional": true,
      "os": [
        "win32"
      ],
      "engines": {
        "node": ">=18"
      }
    },
    "node_modules/@esbuild/win32-ia32": {
      "version": "0.27.7",
      "resolved": "https://registry.npmjs.org/@esbuild/win32-ia32/-/win32-ia32-0.27.7.tgz",
      "integrity": "sha512-SmwKXe6VHIyZYbBLJrhOoCJRB/Z1tckzmgTLfFYOfpMAx63BJEaL9ExI8x7v0oAO3Zh6D/Oi1gVxEYr5oUCFhw==",
      "cpu": [
        "ia32"
      ],
      "dev": true,
      "license": "MIT",
      "optional": true,
      "os": [
        "win32"
      ],
      "engines": {
        "node": ">=18"
      }
    },
    "node_modules/@esbuild/win32-x64": {
      "version": "0.27.7",
      "resolved": "https://registry.npmjs.org/@esbuild/win32-x64/-/win32-x64-0.27.7.tgz",
      "integrity": "sha512-56hiAJPhwQ1R4i+21FVF7V8kSD5zZTdHcVuRFMW0hn753vVfQN8xlx4uOPT4xoGH0Z/oVATuR82AiqSTDIpaHg==",
      "cpu": [
        "x64"
      ],
      "dev": true,
      "license": "MIT",
      "optional": true,
      "os": [
        "win32"
      ],
      "engines": {
        "node": ">=18"
      }
    },
    "node_modules/@noble/curves": {
      "version": "1.4.2",
      "resolved": "https://registry.npmjs.org/@noble/curves/-/curves-1.4.2.tgz",
      "integrity": "sha512-TavHr8qycMChk8UwMld0ZDRvatedkzWfH8IiaeGCfymOP5i0hSCozz9vHOL0nkwk7HRMlFnAiKpS2jrUmSybcw==",
      "dev": true,
      "license": "MIT",
      "dependencies": {
        "@noble/hashes": "1.4.0"
      },
      "funding": {
        "url": "https://paulmillr.com/funding/"
      }
    },
    "node_modules/@noble/hashes": {
      "version": "1.4.0",
      "resolved": "https://registry.npmjs.org/@noble/hashes/-/hashes-1.4.0.tgz",
      "integrity": "sha512-V1JJ1WTRUqHHrOSh597hURcMqVKVGL/ea3kv0gSnEdsEZ0/+VyPghM1lMNGc00z7CIQorSvbKpuJkxvuHbvdbg==",
      "dev": true,
      "license": "MIT",
      "engines": {
        "node": ">= 16"
      },
      "funding": {
        "url": "https://paulmillr.com/funding/"
      }
    },
    "node_modules/@nomicfoundation/edr": {
      "version": "0.12.0-next.29",
      "resolved": "https://registry.npmjs.org/@nomicfoundation/edr/-/edr-0.12.0-next.29.tgz",
      "integrity": "sha512-/c1LbBC3EFgOIKRup0lQ2SIqL9MLdqdOHDM9Mta5CyDOk9cQFlBSTpWCGDrh+p1BIsPFpVHqa4yjkBmZyL1aZA==",
      "dev": true,
      "license": "MIT",
      "dependencies": {
        "@nomicfoundation/edr-darwin-arm64": "0.12.0-next.29",
        "@nomicfoundation/edr-darwin-x64": "0.12.0-next.29",
        "@nomicfoundation/edr-linux-arm64-gnu": "0.12.0-next.29",
        "@nomicfoundation/edr-linux-arm64-musl": "0.12.0-next.29",
        "@nomicfoundation/edr-linux-x64-gnu": "0.12.0-next.29",
        "@nomicfoundation/edr-linux-x64-musl": "0.12.0-next.29",
        "@nomicfoundation/edr-win32-x64-msvc": "0.12.0-next.29"
      },
      "engines": {
        "node": ">= 20"
      }
    },
    "node_modules/@nomicfoundation/edr-darwin-arm64": {
      "version": "0.12.0-next.29",
      "resolved": "https://registry.npmjs.org/@nomicfoundation/edr-darwin-arm64/-/edr-darwin-arm64-0.12.0-next.29.tgz",
      "integrity": "sha512-qzVcAkUsrVT2Za9pLzTYL/eNLS09R+JSG+4LpQ56Wg3mkjbwItn/F6C/XbGqMbNiEGfLi5kVvtYOtT7yu04/Tg==",
      "dev": true,
      "license": "MIT",
      "engines": {
        "node": ">= 20"
      }
    },
    "node_modules/@nomicfoundation/edr-darwin-x64": {
      "version": "0.12.0-next.29",
      "resolved": "https://registry.npmjs.org/@nomicfoundation/edr-darwin-x64/-/edr-darwin-x64-0.12.0-next.29.tgz",
      "integrity": "sha512-P2BSYLsDoM1dGi/0NO3ps3l76NbvFDAnmCUS5SLLLdG/b8RUvWKHtfZFrQgy1KCPDFiiG5IlwzcmAwsPjsyOVQ==",
      "dev": true,
      "license": "MIT",
      "engines": {
        "node": ">= 20"
      }
    },
    "node_modules/@nomicfoundation/edr-linux-arm64-gnu": {
      "version": "0.12.0-next.29",
      "resolved": "https://registry.npmjs.org/@nomicfoundation/edr-linux-arm64-gnu/-/edr-linux-arm64-gnu-0.12.0-next.29.tgz",
      "integrity": "sha512-3SKZIaZCCuY6fAHj6GpTYpQPj3S0LFO6YUUZw3aSg1joBmM9FkP9a1IiYQOBZnZqk0Fa+pHy2dHMVWDczQHX7g==",
      "dev": true,
      "license": "MIT",
      "engines": {
        "node": ">= 20"
      }
    },
    "node_modules/@nomicfoundation/edr-linux-arm64-musl": {
      "version": "0.12.0-next.29",
      "resolved": "https://registry.npmjs.org/@nomicfoundation/edr-linux-arm64-musl/-/edr-linux-arm64-musl-0.12.0-next.29.tgz",
      "integrity": "sha512-GGDJX3We8+XQ0L1Yy2i6ulbucQPO7HpQ5IYkxFLKL0H611ErErHLawrGIvfcfaDYfnFrC/3uxWEqMQ4GhrWbBQ==",
      "dev": true,
      "license": "MIT",
      "engines": {
        "node": ">= 20"
      }
    },
    "node_modules/@nomicfoundation/edr-linux-x64-gnu": {
      "version": "0.12.0-next.29",
      "resolved": "https://registry.npmjs.org/@nomicfoundation/edr-linux-x64-gnu/-/edr-linux-x64-gnu-0.12.0-next.29.tgz",
      "integrity": "sha512-d92L55iy/EzMlu341RgFG1Pqd6Mpd1MmcYi48Na2VtMs7rqRIcAUGeLgoooScLinM5JqTIb1uYVghehFrx98gA==",
      "dev": true,
      "license": "MIT",
      "engines": {
        "node": ">= 20"
      }
    },
    "node_modules/@nomicfoundation/edr-linux-x64-musl": {
      "version": "0.12.0-next.29",
      "resolved": "https://registry.npmjs.org/@nomicfoundation/edr-linux-x64-musl/-/edr-linux-x64-musl-0.12.0-next.29.tgz",
      "integrity": "sha512-oOupaxyR6KUzvhJ0zsVU0yfeepB3hcTKxvowq2lPPwp6cMFzPY8PFe6uck+7+rXwog0dDkEa4R/RPEE9DtUelw==",
      "dev": true,
      "license": "MIT",
      "engines": {
        "node": ">= 20"
      }
    },
    "node_modules/@nomicfoundation/edr-win32-x64-msvc": {
      "version": "0.12.0-next.29",
      "resolved": "https://registry.npmjs.org/@nomicfoundation/edr-win32-x64-msvc/-/edr-win32-x64-msvc-0.12.0-next.29.tgz",
      "integrity": "sha512-QWvz4tTt1Z5JYKXODtqqdxfIQMiWFPGLVIeVJlXl2HSPJAIWTMU+EiBhlGGxP0qoUotUbdJbe7lpG4gw3yKIcA==",
      "dev": true,
      "license": "MIT",
      "engines": {
        "node": ">= 20"
      }
    },
    "node_modules/@nomicfoundation/hardhat-errors": {
      "version": "3.0.10",
      "resolved": "https://registry.npmjs.org/@nomicfoundation/hardhat-errors/-/hardhat-errors-3.0.10.tgz",
      "integrity": "sha512-jfQ75/t21674cIQPbQmzRSY8YdusvQhKMsT+IGEoXlJuAzw+ngWsD7y7nHT8UKQ+liHWgMA+Am2843KwP0KtiA==",
      "dev": true,
      "license": "MIT",
      "dependencies": {
        "@nomicfoundation/hardhat-utils": "^4.0.2"
      }
    },
    "node_modules/@nomicfoundation/hardhat-utils": {
      "version": "4.0.2",
      "resolved": "https://registry.npmjs.org/@nomicfoundation/hardhat-utils/-/hardhat-utils-4.0.2.tgz",
      "integrity": "sha512-6lK0+9ygB7wGDlu11DAmTuZxhnoGbyGZC2aRaKKehW0vDNTS9iT7GUimgVvlO3B23E/HwwRKOOLmSVPC4qmmQw==",
      "dev": true,
      "license": "MIT",
      "dependencies": {
        "@streamparser/json-node": "^0.0.22",
        "debug": "^4.3.2",
        "env-paths": "^2.2.0",
        "ethereum-cryptography": "^2.2.1",
        "fast-equals": "^5.4.0",
        "json-stream-stringify": "^3.1.6",
        "rfdc": "^1.3.1",
        "undici": "^6.16.1"
      }
    },
    "node_modules/@nomicfoundation/hardhat-vendored": {
      "version": "3.0.1",
      "resolved": "https://registry.npmjs.org/@nomicfoundation/hardhat-vendored/-/hardhat-vendored-3.0.1.tgz",
      "integrity": "sha512-jBOAqmEAMJ8zdfiQmTLV+c0IaSyySqkDSJ9spTy8Ts/m/mO8w364TClyfn+p4ZpxBjyX4LMa3NfC402hoDtwCg==",
      "dev": true,
      "license": "MIT"
    },
    "node_modules/@nomicfoundation/hardhat-zod-utils": {
      "version": "3.0.3",
      "resolved": "https://registry.npmjs.org/@nomicfoundation/hardhat-zod-utils/-/hardhat-zod-utils-3.0.3.tgz",
      "integrity": "sha512-WER4/UKLpm7/nz1asvNR7EKZKKBW+48Hw7GOdcd3Rhdr3VTNuTaeIxCJpl6YxTTg+Eq/sPAWX0mr25+USs6KWw==",
      "dev": true,
      "license": "MIT",
      "dependencies": {
        "@nomicfoundation/hardhat-errors": "^3.0.7",
        "@nomicfoundation/hardhat-utils": "^4.0.0"
      },
      "peerDependencies": {
        "zod": "^3.23.8"
      }
    },
    "node_modules/@nomicfoundation/solidity-analyzer": {
      "version": "0.1.1",
      "resolved": "https://registry.npmjs.org/@nomicfoundation/solidity-analyzer/-/solidity-analyzer-0.1.1.tgz",
      "integrity": "sha512-1LMtXj1puAxyFusBgUIy5pZk3073cNXYnXUpuNKFghHbIit/xZgbk0AokpUADbNm3gyD6bFWl3LRFh3dhVdREg==",
      "dev": true,
      "engines": {
        "node": ">= 12"
      },
      "optionalDependencies": {
        "@nomicfoundation/solidity-analyzer-darwin-arm64": "0.1.1",
        "@nomicfoundation/solidity-analyzer-darwin-x64": "0.1.1",
        "@nomicfoundation/solidity-analyzer-freebsd-x64": "0.1.1",
        "@nomicfoundation/solidity-analyzer-linux-arm64-gnu": "0.1.1",
        "@nomicfoundation/solidity-analyzer-linux-arm64-musl": "0.1.1",
        "@nomicfoundation/solidity-analyzer-linux-x64-gnu": "0.1.1",
        "@nomicfoundation/solidity-analyzer-linux-x64-musl": "0.1.1",
        "@nomicfoundation/solidity-analyzer-win32-arm64-msvc": "0.1.1",
        "@nomicfoundation/solidity-analyzer-win32-ia32-msvc": "0.1.1",
        "@nomicfoundation/solidity-analyzer-win32-x64-msvc": "0.1.1"
      }
    },
    "node_modules/@nomicfoundation/solidity-analyzer-darwin-arm64": {
      "version": "0.1.1",
      "resolved": "https://registry.npmjs.org/@nomicfoundation/solidity-analyzer-darwin-arm64/-/solidity-analyzer-darwin-arm64-0.1.1.tgz",
      "integrity": "sha512-KcTodaQw8ivDZyF+D76FokN/HdpgGpfjc/gFCImdLUyqB6eSWVaZPazMbeAjmfhx3R0zm/NYVzxwAokFKgrc0w==",
      "cpu": [
        "arm64"
      ],
      "dev": true,
      "optional": true,
      "os": [
        "darwin"
      ],
      "engines": {
        "node": ">= 10"
      }
    },
    "node_modules/@nomicfoundation/solidity-analyzer-darwin-x64": {
      "version": "0.1.1",
      "resolved": "https://registry.npmjs.org/@nomicfoundation/solidity-analyzer-darwin-x64/-/solidity-analyzer-darwin-x64-0.1.1.tgz",
      "integrity": "sha512-XhQG4BaJE6cIbjAVtzGOGbK3sn1BO9W29uhk9J8y8fZF1DYz0Doj8QDMfpMu+A6TjPDs61lbsmeYodIDnfveSA==",
      "cpu": [
        "x64"
      ],
      "dev": true,
      "optional": true,
      "os": [
        "darwin"
      ],
      "engines": {
        "node": ">= 10"
      }
    },
    "node_modules/@nomicfoundation/solidity-analyzer-freebsd-x64": {
      "version": "0.1.1",
      "resolved": "https://registry.npmjs.org/@nomicfoundation/solidity-analyzer-freebsd-x64/-/solidity-analyzer-freebsd-x64-0.1.1.tgz",
      "integrity": "sha512-GHF1VKRdHW3G8CndkwdaeLkVBi5A9u2jwtlS7SLhBc8b5U/GcoL39Q+1CSO3hYqePNP+eV5YI7Zgm0ea6kMHoA==",
      "cpu": [
        "x64"
      ],
      "dev": true,
      "optional": true,
      "os": [
        "freebsd"
      ],
      "engines": {
        "node": ">= 10"
      }
    },
    "node_modules/@nomicfoundation/solidity-analyzer-linux-arm64-gnu": {
      "version": "0.1.1",
      "resolved": "https://registry.npmjs.org/@nomicfoundation/solidity-analyzer-linux-arm64-gnu/-/solidity-analyzer-linux-arm64-gnu-0.1.1.tgz",
      "integrity": "sha512-g4Cv2fO37ZsUENQ2vwPnZc2zRenHyAxHcyBjKcjaSmmkKrFr64yvzeNO8S3GBFCo90rfochLs99wFVGT/0owpg==",
      "cpu": [
        "arm64"
      ],
      "dev": true,
      "optional": true,
      "os": [
        "linux"
      ],
      "engines": {
        "node": ">= 10"
      }
    },
    "node_modules/@nomicfoundation/solidity-analyzer-linux-arm64-musl": {
      "version": "0.1.1",
      "resolved": "https://registry.npmjs.org/@nomicfoundation/solidity-analyzer-linux-arm64-musl/-/solidity-analyzer-linux-arm64-musl-0.1.1.tgz",
      "integrity": "sha512-WJ3CE5Oek25OGE3WwzK7oaopY8xMw9Lhb0mlYuJl/maZVo+WtP36XoQTb7bW/i8aAdHW5Z+BqrHMux23pvxG3w==",
      "cpu": [
        "arm64"
      ],
      "dev": true,
      "optional": true,
      "os": [
        "linux"
      ],
      "engines": {
        "node": ">= 10"
      }
    },
    "node_modules/@nomicfoundation/solidity-analyzer-linux-x64-gnu": {
      "version": "0.1.1",
      "resolved": "https://registry.npmjs.org/@nomicfoundation/solidity-analyzer-linux-x64-gnu/-/solidity-analyzer-linux-x64-gnu-0.1.1.tgz",
      "integrity": "sha512-5WN7leSr5fkUBBjE4f3wKENUy9HQStu7HmWqbtknfXkkil+eNWiBV275IOlpXku7v3uLsXTOKpnnGHJYI2qsdA==",
      "cpu": [
        "x64"
      ],
      "dev": true,
      "optional": true,
      "os": [
        "linux"
      ],
      "engines": {
        "node": ">= 10"
      }
    },
    "node_modules/@nomicfoundation/solidity-analyzer-linux-x64-musl": {
      "version": "0.1.1",
      "resolved": "https://registry.npmjs.org/@nomicfoundation/solidity-analyzer-linux-x64-musl/-/solidity-analyzer-linux-x64-musl-0.1.1.tgz",
      "integrity": "sha512-KdYMkJOq0SYPQMmErv/63CwGwMm5XHenEna9X9aB8mQmhDBrYrlAOSsIPgFCUSL0hjxE3xHP65/EPXR/InD2+w==",
      "cpu": [
        "x64"
      ],
      "dev": true,
      "optional": true,
      "os": [
        "linux"
      ],
      "engines": {
        "node": ">= 10"
      }
    },
    "node_modules/@nomicfoundation/solidity-analyzer-win32-arm64-msvc": {
      "version": "0.1.1",
      "resolved": "https://registry.npmjs.org/@nomicfoundation/solidity-analyzer-win32-arm64-msvc/-/solidity-analyzer-win32-arm64-msvc-0.1.1.tgz",
      "integrity": "sha512-VFZASBfl4qiBYwW5xeY20exWhmv6ww9sWu/krWSesv3q5hA0o1JuzmPHR4LPN6SUZj5vcqci0O6JOL8BPw+APg==",
      "cpu": [
        "arm64"
      ],
      "dev": true,
      "optional": true,
      "os": [
        "win32"
      ],
      "engines": {
        "node": ">= 10"
      }
    },
    "node_modules/@nomicfoundation/solidity-analyzer-win32-ia32-msvc": {
      "version": "0.1.1",
      "resolved": "https://registry.npmjs.org/@nomicfoundation/solidity-analyzer-win32-ia32-msvc/-/solidity-analyzer-win32-ia32-msvc-0.1.1.tgz",
      "integrity": "sha512-JnFkYuyCSA70j6Si6cS1A9Gh1aHTEb8kOTBApp/c7NRTFGNMH8eaInKlyuuiIbvYFhlXW4LicqyYuWNNq9hkpQ==",
      "cpu": [
        "ia32"
      ],
      "dev": true,
      "optional": true,
      "os": [
        "win32"
      ],
      "engines": {
        "node": ">= 10"
      }
    },
    "node_modules/@nomicfoundation/solidity-analyzer-win32-x64-msvc": {
      "version": "0.1.1",
      "resolved": "https://registry.npmjs.org/@nomicfoundation/solidity-analyzer-win32-x64-msvc/-/solidity-analyzer-win32-x64-msvc-0.1.1.tgz",
      "integrity": "sha512-HrVJr6+WjIXGnw3Q9u6KQcbZCtk0caVWhCdFADySvRyUxJ8PnzlaP+MhwNE8oyT8OZ6ejHBRrrgjSqDCFXGirw==",
      "cpu": [
        "x64"
      ],
      "dev": true,
      "optional": true,
      "os": [
        "win32"
      ],
      "engines": {
        "node": ">= 10"
      }
    },
    "node_modules/@openzeppelin/contracts": {
      "version": "4.9.6",
      "resolved": "https://registry.npmjs.org/@openzeppelin/contracts/-/contracts-4.9.6.tgz",
      "integrity": "sha512-xSmezSupL+y9VkHZJGDoCBpmnB2ogM13ccaYDWqJTfS3dbuHkgjuwDFUmaFauBCboQMGB/S5UqUl2y54X99BmA==",
      "dev": true
    },
    "node_modules/@scure/base": {
      "version": "1.1.9",
      "resolved": "https://registry.npmjs.org/@scure/base/-/base-1.1.9.tgz",
      "integrity": "sha512-8YKhl8GHiNI/pU2VMaofa2Tor7PJRAjwQLBBuilkJ9L5+13yVbC7JO/wS7piioAvPSwR3JKM1IJ/u4xQzbcXKg==",
      "dev": true,
      "license": "MIT",
      "funding": {
        "url": "https://paulmillr.com/funding/"
      }
    },
    "node_modules/@scure/bip32": {
      "version": "1.4.0",
      "resolved": "https://registry.npmjs.org/@scure/bip32/-/bip32-1.4.0.tgz",
      "integrity": "sha512-sVUpc0Vq3tXCkDGYVWGIZTRfnvu8LoTDaev7vbwh0omSvVORONr960MQWdKqJDCReIEmTj3PAr73O3aoxz7OPg==",
      "dev": true,
      "license": "MIT",
      "dependencies": {
        "@noble/curves": "~1.4.0",
        "@noble/hashes": "~1.4.0",
        "@scure/base": "~1.1.6"
      },
      "funding": {
        "url": "https://paulmillr.com/funding/"
      }
    },
    "node_modules/@scure/bip39": {
      "version": "1.3.0",
      "resolved": "https://registry.npmjs.org/@scure/bip39/-/bip39-1.3.0.tgz",
      "integrity": "sha512-disdg7gHuTDZtY+ZdkmLpPCk7fxZSu3gBiEGuoC1XYxv9cGx3Z6cpTggCgW6odSOOIXCiDjuGejW+aJKCY/pIQ==",
      "dev": true,
      "license": "MIT",
      "dependencies": {
        "@noble/hashes": "~1.4.0",
        "@scure/base": "~1.1.6"
      },
      "funding": {
        "url": "https://paulmillr.com/funding/"
      }
    },
    "node_modules/@sentry/core": {
      "version": "9.47.1",
      "resolved": "https://registry.npmjs.org/@sentry/core/-/core-9.47.1.tgz",
      "integrity": "sha512-KX62+qIt4xgy8eHKHiikfhz2p5fOciXd0Cl+dNzhgPFq8klq4MGMNaf148GB3M/vBqP4nw/eFvRMAayFCgdRQw==",
      "dev": true,
      "license": "MIT",
      "engines": {
        "node": ">=18"
      }
    },
    "node_modules/@streamparser/json": {
      "version": "0.0.22",
      "resolved": "https://registry.npmjs.org/@streamparser/json/-/json-0.0.22.tgz",
      "integrity": "sha512-b6gTSBjJ8G8SuO3Gbbj+zXbVx8NSs1EbpbMKpzGLWMdkR+98McH9bEjSz3+0mPJf68c5nxa3CrJHp5EQNXM6zQ==",
      "dev": true,
      "license": "MIT"
    },
    "node_modules/@streamparser/json-node": {
      "version": "0.0.22",
      "resolved": "https://registry.npmjs.org/@streamparser/json-node/-/json-node-0.0.22.tgz",
      "integrity": "sha512-sJT2ptNRwqB1lIsQrQlCoWk5rF4tif9wDh+7yluAGijJamAhrHGYpFB/Zg3hJeceoZypi74ftXk8DHzwYpbZSg==",
      "dev": true,
      "license": "MIT",
      "dependencies": {
        "@streamparser/json": "^0.0.22"
      }
    },
    "node_modules/adm-zip": {
      "version": "0.4.16",
      "resolved": "https://registry.npmjs.org/adm-zip/-/adm-zip-0.4.16.tgz",
      "integrity": "sha512-TFi4HBKSGfIKsK5YCkKaaFG2m4PEDyViZmEwof3MTIgzimHLto6muaHVpbrljdIvIrFZzEq/p4nafOeLcYegrg==",
      "dev": true,
      "engines": {
        "node": ">=0.3.0"
      }
    },
    "node_modules/ansi-colors": {
      "version": "4.1.3",
      "resolved": "https://registry.npmjs.org/ansi-colors/-/ansi-colors-4.1.3.tgz",
      "integrity": "sha512-/6w/C21Pm1A7aZitlI5Ni/2J6FFQN8i1Cvz3kHABAAbw93v/NlvKdVOqz7CCWz/3iv/JplRSEEZ83XION15ovw==",
      "dev": true,
      "engines": {
        "node": ">=6"
      }
    },
    "node_modules/ansi-regex": {
      "version": "5.0.1",
      "resolved": "https://registry.npmjs.org/ansi-regex/-/ansi-regex-5.0.1.tgz",
      "integrity": "sha512-quJQXlTSUGL2LH9SUXo8VwsY4soanhgo6LNSm84E1LBcE8s3O0wpdiRzyR9z/ZZJMlMWv37qOOb9pdJlMUEKFQ==",
      "dev": true,
      "engines": {
        "node": ">=8"
      }
    },
    "node_modules/chalk": {
      "version": "5.6.2",
      "resolved": "https://registry.npmjs.org/chalk/-/chalk-5.6.2.tgz",
      "integrity": "sha512-7NzBL0rN6fMUW+f7A6Io4h40qQlG+xGmtMxfbnH/K7TAtt8JQWVQK+6g0UXKMeVJoyV5EkkNsErQ8pVD3bLHbA==",
      "dev": true,
      "license": "MIT",
      "engines": {
        "node": "^12.17.0 || ^14.13 || >=16.0.0"
      },
      "funding": {
        "url": "https://github.com/chalk/chalk?sponsor=1"
      }
    },
    "node_modules/chokidar": {
      "version": "4.0.3",
      "resolved": "https://registry.npmjs.org/chokidar/-/chokidar-4.0.3.tgz",
      "integrity": "sha512-Qgzu8kfBvo+cA4962jnP1KkS6Dop5NS6g7R5LFYJr4b8Ub94PPQXUksCw9PvXoeXPRRddRNC5C1JQUR2SMGtnA==",
      "dev": true,
      "license": "MIT",
      "dependencies": {
        "readdirp": "^4.0.1"
      },
      "engines": {
        "node": ">= 14.16.0"
      },
      "funding": {
        "url": "https://paulmillr.com/funding/"
      }
    },
    "node_modules/debug": {
      "version": "4.4.3",
      "resolved": "https://registry.npmjs.org/debug/-/debug-4.4.3.tgz",
      "integrity": "sha512-RGwwWnwQvkVfavKVt22FGLw+xYSdzARwm0ru6DhTVA3umU5hZc28V3kO4stgYryrTlLpuvgI9GiijltAjNbcqA==",
      "dev": true,
      "license": "MIT",
      "dependencies": {
        "ms": "^2.1.3"
      },
      "engines": {
        "node": ">=6.0"
      },
      "peerDependenciesMeta": {
        "supports-color": {
          "optional": true
        }
      }
    },
    "node_modules/enquirer": {
      "version": "2.4.1",
      "resolved": "https://registry.npmjs.org/enquirer/-/enquirer-2.4.1.tgz",
      "integrity": "sha512-rRqJg/6gd538VHvR3PSrdRBb/1Vy2YfzHqzvbhGIQpDRKIa4FgV/54b5Q1xYSxOOwKvjXweS26E0Q+nAMwp2pQ==",
      "dev": true,
      "dependencies": {
        "ansi-colors": "^4.1.1",
        "strip-ansi": "^6.0.1"
      },
      "engines": {
        "node": ">=8.6"
      }
    },
    "node_modules/env-paths": {
      "version": "2.2.1",
      "resolved": "https://registry.npmjs.org/env-paths/-/env-paths-2.2.1.tgz",
      "integrity": "sha512-+h1lkLKhZMTYjog1VEpJNG7NZJWcuc2DDk/qsqSTRRCOXiLjeQ1d1/udrUGhqMxUgAlwKNZ0cf2uqan5GLuS2A==",
      "dev": true,
      "license": "MIT",
      "engines": {
        "node": ">=6"
      }
    },
    "node_modules/esbuild": {
      "version": "0.27.7",
      "resolved": "https://registry.npmjs.org/esbuild/-/esbuild-0.27.7.tgz",
      "integrity": "sha512-IxpibTjyVnmrIQo5aqNpCgoACA/dTKLTlhMHihVHhdkxKyPO1uBBthumT0rdHmcsk9uMonIWS0m4FljWzILh3w==",
      "dev": true,
      "hasInstallScript": true,
      "license": "MIT",
      "bin": {
        "esbuild": "bin/esbuild"
      },
      "engines": {
        "node": ">=18"
      },
      "optionalDependencies": {
        "@esbuild/aix-ppc64": "0.27.7",
        "@esbuild/android-arm": "0.27.7",
        "@esbuild/android-arm64": "0.27.7",
        "@esbuild/android-x64": "0.27.7",
        "@esbuild/darwin-arm64": "0.27.7",
        "@esbuild/darwin-x64": "0.27.7",
        "@esbuild/freebsd-arm64": "0.27.7",
        "@esbuild/freebsd-x64": "0.27.7",
        "@esbuild/linux-arm": "0.27.7",
        "@esbuild/linux-arm64": "0.27.7",
        "@esbuild/linux-ia32": "0.27.7",
        "@esbuild/linux-loong64": "0.27.7",
        "@esbuild/linux-mips64el": "0.27.7",
        "@esbuild/linux-ppc64": "0.27.7",
        "@esbuild/linux-riscv64": "0.27.7",
        "@esbuild/linux-s390x": "0.27.7",
        "@esbuild/linux-x64": "0.27.7",
        "@esbuild/netbsd-arm64": "0.27.7",
        "@esbuild/netbsd-x64": "0.27.7",
        "@esbuild/openbsd-arm64": "0.27.7",
        "@esbuild/openbsd-x64": "0.27.7",
        "@esbuild/openharmony-arm64": "0.27.7",
        "@esbuild/sunos-x64": "0.27.7",
        "@esbuild/win32-arm64": "0.27.7",
        "@esbuild/win32-ia32": "0.27.7",
        "@esbuild/win32-x64": "0.27.7"
      }
    },
    "node_modules/ethereum-cryptography": {
      "version": "2.2.1",
      "resolved": "https://registry.npmjs.org/ethereum-cryptography/-/ethereum-cryptography-2.2.1.tgz",
      "integrity": "sha512-r/W8lkHSiTLxUxW8Rf3u4HGB0xQweG2RyETjywylKZSzLWoWAijRz8WCuOtJ6wah+avllXBqZuk29HCCvhEIRg==",
      "dev": true,
      "license": "MIT",
      "dependencies": {
        "@noble/curves": "1.4.2",
        "@noble/hashes": "1.4.0",
        "@scure/bip32": "1.4.0",
        "@scure/bip39": "1.3.0"
      }
    },
    "node_modules/fast-equals": {
      "version": "5.4.0",
      "resolved": "https://registry.npmjs.org/fast-equals/-/fast-equals-5.4.0.tgz",
      "integrity": "sha512-jt2DW/aNFNwke7AUd+Z+e6pz39KO5rzdbbFCg2sGafS4mk13MI7Z8O5z9cADNn5lhGODIgLwug6TZO2ctf7kcw==",
      "dev": true,
      "license": "MIT",
      "engines": {
        "node": ">=6.0.0"
      }
    },
    "node_modules/fsevents": {
      "version": "2.3.3",
      "resolved": "https://registry.npmjs.org/fsevents/-/fsevents-2.3.3.tgz",
      "integrity": "sha512-5xoDfX+fL7faATnagmWPpbFtwh/R77WmMMqqHGS65C3vvB0YHrgF+B1YmZ3441tMj5n63k0212XNoJwzlhffQw==",
      "dev": true,
      "hasInstallScript": true,
      "license": "MIT",
      "optional": true,
      "os": [
        "darwin"
      ],
      "engines": {
        "node": "^8.16.0 || ^10.6.0 || >=11.0.0"
      }
    },
    "node_modules/get-tsconfig": {
      "version": "4.14.0",
      "resolved": "https://registry.npmjs.org/get-tsconfig/-/get-tsconfig-4.14.0.tgz",
      "integrity": "sha512-yTb+8DXzDREzgvYmh6s9vHsSVCHeC0G3PI5bEXNBHtmshPnO+S5O7qgLEOn0I5QvMy6kpZN8K1NKGyilLb93wA==",
      "dev": true,
      "license": "MIT",
      "dependencies": {
        "resolve-pkg-maps": "^1.0.0"
      },
      "funding": {
        "url": "https://github.com/privatenumber/get-tsconfig?sponsor=1"
      }
    },
    "node_modules/hardhat": {
      "version": "3.3.0",
      "resolved": "https://registry.npmjs.org/hardhat/-/hardhat-3.3.0.tgz",
      "integrity": "sha512-TtejTl3ZeELwlcProbWtnsnPE2wUP2VDxzsTZp/IAgQ277kz3eQtXMpRnacefNmSve/oUAYYHxZtNQEQvaLzHg==",
      "dev": true,
      "license": "MIT",
      "dependencies": {
        "@nomicfoundation/edr": "0.12.0-next.29",
        "@nomicfoundation/hardhat-errors": "^3.0.10",
        "@nomicfoundation/hardhat-utils": "^4.0.2",
        "@nomicfoundation/hardhat-vendored": "^3.0.1",
        "@nomicfoundation/hardhat-zod-utils": "^3.0.3",
        "@nomicfoundation/solidity-analyzer": "^0.1.1",
        "@sentry/core": "^9.4.0",
        "adm-zip": "^0.4.16",
        "chalk": "^5.3.0",
        "chokidar": "^4.0.3",
        "debug": "^4.3.2",
        "enquirer": "^2.3.0",
        "ethereum-cryptography": "^2.2.1",
        "micro-eth-signer": "^0.14.0",
        "p-map": "^7.0.2",
        "resolve.exports": "^2.0.3",
        "semver": "^7.6.3",
        "tsx": "^4.19.3",
        "ws": "^8.18.0",
        "zod": "^3.23.8"
      },
      "bin": {
        "hardhat": "dist/src/cli.js"
      }
    },
    "node_modules/json-stream-stringify": {
      "version": "3.1.6",
      "resolved": "https://registry.npmjs.org/json-stream-stringify/-/json-stream-stringify-3.1.6.tgz",
      "integrity": "sha512-x7fpwxOkbhFCaJDJ8vb1fBY3DdSa4AlITaz+HHILQJzdPMnHEFjxPwVUi1ALIbcIxDE0PNe/0i7frnY8QnBQog==",
      "dev": true,
      "license": "MIT",
      "engines": {
        "node": ">=7.10.1"
      }
    },
    "node_modules/micro-eth-signer": {
      "version": "0.14.0",
      "resolved": "https://registry.npmjs.org/micro-eth-signer/-/micro-eth-signer-0.14.0.tgz",
      "integrity": "sha512-5PLLzHiVYPWClEvZIXXFu5yutzpadb73rnQCpUqIHu3No3coFuWQNfE5tkBQJ7djuLYl6aRLaS0MgWJYGoqiBw==",
      "dev": true,
      "license": "MIT",
      "dependencies": {
        "@noble/curves": "~1.8.1",
        "@noble/hashes": "~1.7.1",
        "micro-packed": "~0.7.2"
      }
    },
    "node_modules/micro-eth-signer/node_modules/@noble/curves": {
      "version": "1.8.2",
      "resolved": "https://registry.npmjs.org/@noble/curves/-/curves-1.8.2.tgz",
      "integrity": "sha512-vnI7V6lFNe0tLAuJMu+2sX+FcL14TaCWy1qiczg1VwRmPrpQCdq5ESXQMqUc2tluRNf6irBXrWbl1mGN8uaU/g==",
      "dev": true,
      "license": "MIT",
      "dependencies": {
        "@noble/hashes": "1.7.2"
      },
      "engines": {
        "node": "^14.21.3 || >=16"
      },
      "funding": {
        "url": "https://paulmillr.com/funding/"
      }
    },
    "node_modules/micro-eth-signer/node_modules/@noble/hashes": {
      "version": "1.7.2",
      "resolved": "https://registry.npmjs.org/@noble/hashes/-/hashes-1.7.2.tgz",
      "integrity": "sha512-biZ0NUSxyjLLqo6KxEJ1b+C2NAx0wtDoFvCaXHGgUkeHzf3Xc1xKumFKREuT7f7DARNZ/slvYUwFG6B0f2b6hQ==",
      "dev": true,
      "license": "MIT",
      "engines": {
        "node": "^14.21.3 || >=16"
      },
      "funding": {
        "url": "https://paulmillr.com/funding/"
      }
    },
    "node_modules/micro-packed": {
      "version": "0.7.3",
      "resolved": "https://registry.npmjs.org/micro-packed/-/micro-packed-0.7.3.tgz",
      "integrity": "sha512-2Milxs+WNC00TRlem41oRswvw31146GiSaoCT7s3Xi2gMUglW5QBeqlQaZeHr5tJx9nm3i57LNXPqxOOaWtTYg==",
      "dev": true,
      "license": "MIT",
      "dependencies": {
        "@scure/base": "~1.2.5"
      },
      "funding": {
        "url": "https://paulmillr.com/funding/"
      }
    },
    "node_modules/micro-packed/node_modules/@scure/base": {
      "version": "1.2.6",
      "resolved": "https://registry.npmjs.org/@scure/base/-/base-1.2.6.tgz",
      "integrity": "sha512-g/nm5FgUa//MCj1gV09zTJTaM6KBAHqLN907YVQqf7zC49+DcO4B1so4ZX07Ef10Twr6nuqYEH9GEggFXA4Fmg==",
      "dev": true,
      "license": "MIT",
      "funding": {
        "url": "https://paulmillr.com/funding/"
      }
    },
    "node_modules/ms": {
      "version": "2.1.3",
      "resolved": "https://registry.npmjs.org/ms/-/ms-2.1.3.tgz",
      "integrity": "sha512-6FlzubTLZG3J2a/NVCAleEhjzq5oxgHyaCU9yYXvcLsvoVaHJq/s5xXI6/XXP6tz7R9xAOtHnSO/tXtF3WRTlA==",
      "dev": true,
      "license": "MIT"
    },
    "node_modules/p-map": {
      "version": "7.0.4",
      "resolved": "https://registry.npmjs.org/p-map/-/p-map-7.0.4.tgz",
      "integrity": "sha512-tkAQEw8ysMzmkhgw8k+1U/iPhWNhykKnSk4Rd5zLoPJCuJaGRPo6YposrZgaxHKzDHdDWWZvE/Sk7hsL2X/CpQ==",
      "dev": true,
      "license": "MIT",
      "engines": {
        "node": ">=18"
      },
      "funding": {
        "url": "https://github.com/sponsors/sindresorhus"
      }
    },
    "node_modules/readdirp": {
      "version": "4.1.2",
      "resolved": "https://registry.npmjs.org/readdirp/-/readdirp-4.1.2.tgz",
      "integrity": "sha512-GDhwkLfywWL2s6vEjyhri+eXmfH6j1L7JE27WhqLeYzoh/A3DBaYGEj2H/HFZCn/kMfim73FXxEJTw06WtxQwg==",
      "dev": true,
      "license": "MIT",
      "engines": {
        "node": ">= 14.18.0"
      },
      "funding": {
        "type": "individual",
        "url": "https://paulmillr.com/funding/"
      }
    },
    "node_modules/resolve-pkg-maps": {
      "version": "1.0.0",
      "resolved": "https://registry.npmjs.org/resolve-pkg-maps/-/resolve-pkg-maps-1.0.0.tgz",
      "integrity": "sha512-seS2Tj26TBVOC2NIc2rOe2y2ZO7efxITtLZcGSOnHHNOQ7CkiUBfw0Iw2ck6xkIhPwLhKNLS8BO+hEpngQlqzw==",
      "dev": true,
      "license": "MIT",
      "funding": {
        "url": "https://github.com/privatenumber/resolve-pkg-maps?sponsor=1"
      }
    },
    "node_modules/resolve.exports": {
      "version": "2.0.3",
      "resolved": "https://registry.npmjs.org/resolve.exports/-/resolve.exports-2.0.3.tgz",
      "integrity": "sha512-OcXjMsGdhL4XnbShKpAcSqPMzQoYkYyhbEaeSko47MjRP9NfEQMhZkXL1DoFlt9LWQn4YttrdnV6X2OiyzBi+A==",
      "dev": true,
      "license": "MIT",
      "engines": {
        "node": ">=10"
      }
    },
    "node_modules/rfdc": {
      "version": "1.4.1",
      "resolved": "https://registry.npmjs.org/rfdc/-/rfdc-1.4.1.tgz",
      "integrity": "sha512-q1b3N5QkRUWUl7iyylaaj3kOpIT0N2i9MqIEQXP73GVsN9cw3fdx8X63cEmWhJGi2PPCF23Ijp7ktmd39rawIA==",
      "dev": true,
      "license": "MIT"
    },
    "node_modules/semver": {
      "version": "7.7.4",
      "resolved": "https://registry.npmjs.org/semver/-/semver-7.7.4.tgz",
      "integrity": "sha512-vFKC2IEtQnVhpT78h1Yp8wzwrf8CM+MzKMHGJZfBtzhZNycRFnXsHk6E5TxIkkMsgNS7mdX3AGB7x2QM2di4lA==",
      "dev": true,
      "license": "ISC",
      "bin": {
        "semver": "bin/semver.js"
      },
      "engines": {
        "node": ">=10"
      }
    },
    "node_modules/strip-ansi": {
      "version": "6.0.1",
      "resolved": "https://registry.npmjs.org/strip-ansi/-/strip-ansi-6.0.1.tgz",
      "integrity": "sha512-Y38VPSHcqkFrCpFnQ9vuSXmquuv5oXOKpGeT6aGrr3o3Gc9AlVa6JBfUSOCnbxGGZF+/0ooI7KrPuUSztUdU5A==",
      "dev": true,
      "dependencies": {
        "ansi-regex": "^5.0.1"
      },
      "engines": {
        "node": ">=8"
      }
    },
    "node_modules/tsx": {
      "version": "4.21.0",
      "resolved": "https://registry.npmjs.org/tsx/-/tsx-4.21.0.tgz",
      "integrity": "sha512-5C1sg4USs1lfG0GFb2RLXsdpXqBSEhAaA/0kPL01wxzpMqLILNxIxIOKiILz+cdg/pLnOUxFYOR5yhHU666wbw==",
      "dev": true,
      "license": "MIT",
      "dependencies": {
        "esbuild": "~0.27.0",
        "get-tsconfig": "^4.7.5"
      },
      "bin": {
        "tsx": "dist/cli.mjs"
      },
      "engines": {
        "node": ">=18.0.0"
      },
      "optionalDependencies": {
        "fsevents": "~2.3.3"
      }
    },
    "node_modules/undici": {
      "version": "6.25.0",
      "resolved": "https://registry.npmjs.org/undici/-/undici-6.25.0.tgz",
      "integrity": "sha512-ZgpWDC5gmNiuY9CnLVXEH8rl50xhRCuLNA97fAUnKi8RRuV4E6KG31pDTsLVUKnohJE0I3XDrTeEydAXRw47xg==",
      "dev": true,
      "license": "MIT",
      "engines": {
        "node": ">=18.17"
      }
    },
    "node_modules/ws": {
      "version": "8.20.0",
      "resolved": "https://registry.npmjs.org/ws/-/ws-8.20.0.tgz",
      "integrity": "sha512-sAt8BhgNbzCtgGbt2OxmpuryO63ZoDk/sqaB/znQm94T4fCEsy/yV+7CdC1kJhOU9lboAEU7R3kquuycDoibVA==",
      "dev": true,
      "license": "MIT",
      "engines": {
        "node": ">=10.0.0"
      },
      "peerDependencies": {
        "bufferutil": "^4.0.1",
        "utf-8-validate": ">=5.0.2"
      },
      "peerDependenciesMeta": {
        "bufferutil": {
          "optional": true
        },
        "utf-8-validate": {
          "optional": true
        }
      }
    },
    "node_modules/zod": {
      "version": "3.25.76",
      "resolved": "https://registry.npmjs.org/zod/-/zod-3.25.76.tgz",
      "integrity": "sha512-gzUt/qt81nXsFGKIFcC3YnfEAx5NkunCfnDlvuBSSFS02bcXu4Lmea0AFIUwbLWxWPx3d9p8S5QoaujKcNQxcQ==",
      "dev": true,
      "license": "MIT",
      "funding": {
        "url": "https://github.com/sponsors/colinhacks"
      }
    }
  }
}
